
Microsoft Visual Studio Solution File, Format Version 12.00
# Visual Studio Version 16
VisualStudioVersion = 16.0.31025.194
MinimumVisualStudioVersion = 10.0.40219.1
Project("{FAE04EC0-301F-11D3-BF4B-00C04F79EFBC}") = "notepaddd", "notepaddd\notepaddd.csproj", "{FEF8BDD9-247C-4442-96C8-B8E736C641CC}"
EndProject
Global
	GlobalSection(SolutionConfigurationPlatforms) = preSolution
		Debug|Any CPU = Debug|Any CPU
		Release|Any CPU = Release|Any CPU
	EndGlobalSection
	GlobalSection(ProjectConfigurationPlatforms) = postSolution
		{FEF8BDD9-247C-4442-96C8-B8E736C641CC}.Debug|Any CPU.ActiveCfg = Debug|Any CPU
		{FEF8BDD9-247C-4442-96C8-B8E736C641CC}.Debug|Any CPU.Build.0 = Debug|Any CPU
		{FEF8BDD9-247C-4442-96C8-B8E736C641CC}.Release|Any CPU.ActiveCfg = Release|Any CPU
		{FEF8BDD9-247C-4442-96C8-B8E736C641CC}.Release|Any CPU.Build.0 = Release|Any CPU
	EndGlobalSection
	GlobalSection(SolutionProperties) = preSolution
		HideSolutionNode = FALSE
	EndGlobalSection
	GlobalSection(ExtensibilityGlobals) = postSolution
		SolutionGuid = {C129DA79-3B70-4C15-B74A-ABCA841C2C02}
	EndGlobalSection
EndGlobal
